# THIS IS AN AUTOGENERATED FILE. DO NOT EDIT THIS FILE DIRECTLY.
# yarn lockfile v1


applescript@^1.0.0:
  version "1.0.0"
  resolved "https://registry.yarnpkg.com/applescript/-/applescript-1.0.0.tgz#bb87af568cad034a4e48c4bdaf6067a3a2701317"
  integrity sha512-yvtNHdWvtbYEiIazXAdp/NY+BBb65/DAseqlNiJQjOx9DynuzOYDbVLBJvuc0ve0VL9x6B3OHF6eH52y9hCBtQ==
